PODS:
  - FBSnapshotTestCase (2.1.4):
    - FBSnapshotTestCase/SwiftSupport (= 2.1.4)
  - FBSnapshotTestCase/Core (2.1.4)
  - FBSnapshotTestCase/SwiftSupport (2.1.4):
    - FBSnapshotTestCase/Core
  - WYAKit (0.1.0):
    - YYText
  - YYText (1.0.7)

DEPENDENCIES:
  - FBSnapshotTestCase
  - WYAKit (from `../`)

SPEC REPOS:
  https://github.com/cocoapods/specs.git:
    - FBSnapshotTestCase
    - YYText

EXTERNAL SOURCES:
  WYAKit:
    :path: "../"

SPEC CHECKSUMS:
  FBSnapshotTestCase: 094f9f314decbabe373b87cc339bea235a63e07a
  WYAKit: 8db3542a97d97a3a12251e4e2f36226b3fae7d0f
  YYText: 5c461d709e24d55a182d1441c41dc639a18a4849

PODFILE CHECKSUM: a2a689ac53e7443ecb2d9ab5fb670c935022104f

COCOAPODS: 1.5.3
